
Microsoft Visual Studio Solution File, Format Version 12.00
# Visual Studio Version 17
VisualStudioVersion = 17.13.35825.156 d17.13
MinimumVisualStudioVersion = 10.0.40219.1
Project("{FAE04EC0-301F-11D3-BF4B-00C04F79EFBC}") = "Automotive", "Automotive\Automotive.csproj", "{D83C7BD7-7B18-41E4-AAB4-113C11341F5C}"
EndProject
Project("{FAE04EC0-301F-11D3-BF4B-00C04F79EFBC}") = "Geometry", "Geometry\Geometry.csproj", "{9BB3C7B4-53F2-4C0B-A2D5-F82BA0606EC1}"
EndProject
Global
	GlobalSection(SolutionConfigurationPlatforms) = preSolution
		Debug|Any CPU = Debug|Any CPU
		Release|Any CPU = Release|Any CPU
	EndGlobalSection
	GlobalSection(ProjectConfigurationPlatforms) = postSolution
		{D83C7BD7-7B18-41E4-AAB4-113C11341F5C}.Debug|Any CPU.ActiveCfg = Debug|Any CPU
		{D83C7BD7-7B18-41E4-AAB4-113C11341F5C}.Debug|Any CPU.Build.0 = Debug|Any CPU
		{D83C7BD7-7B18-41E4-AAB4-113C11341F5C}.Release|Any CPU.ActiveCfg = Release|Any CPU
		{D83C7BD7-7B18-41E4-AAB4-113C11341F5C}.Release|Any CPU.Build.0 = Release|Any CPU
		{9BB3C7B4-53F2-4C0B-A2D5-F82BA0606EC1}.Debug|Any CPU.ActiveCfg = Debug|Any CPU
		{9BB3C7B4-53F2-4C0B-A2D5-F82BA0606EC1}.Debug|Any CPU.Build.0 = Debug|Any CPU
		{9BB3C7B4-53F2-4C0B-A2D5-F82BA0606EC1}.Release|Any CPU.ActiveCfg = Release|Any CPU
		{9BB3C7B4-53F2-4C0B-A2D5-F82BA0606EC1}.Release|Any CPU.Build.0 = Release|Any CPU
	EndGlobalSection
	GlobalSection(SolutionProperties) = preSolution
		HideSolutionNode = FALSE
	EndGlobalSection
	GlobalSection(ExtensibilityGlobals) = postSolution
		SolutionGuid = {592867D6-FEBB-4915-A36D-8E48D3085348}
	EndGlobalSection
EndGlobal
